
Microsoft Visual Studio Solution File, Format Version 12.00
# Visual Studio 2012
Project("{FAE04EC0-301F-11D3-BF4B-00C04F79EFBC}") = "MvdEndPoint.Domain", "MvdEndPoint.Domain\MvdEndPoint.Domain.csproj", "{75E650D1-C5F4-4AC2-B1E5-905D868B65FC}"
EndProject
Project("{FAE04EC0-301F-11D3-BF4B-00C04F79EFBC}") = "MvdEndPoint.UI", "MvdEndPoint.UI\MvdEndPoint.UI.csproj", "{83BBE01B-AB6D-404C-8B4A-1E36718AB2E5}"
EndProject
Project("{FAE04EC0-301F-11D3-BF4B-00C04F79EFBC}") = "MvdEndPoint.UnitTest", "MvdEndPoint.UnitTest\MvdEndPoint.UnitTest.csproj", "{F8511268-8196-46A4-9BDF-62451CEA19F3}"
EndProject
Global
	GlobalSection(SolutionConfigurationPlatforms) = preSolution
		Debug|Any CPU = Debug|Any CPU
		Release|Any CPU = Release|Any CPU
	EndGlobalSection
	GlobalSection(ProjectConfigurationPlatforms) = postSolution
		{75E650D1-C5F4-4AC2-B1E5-905D868B65FC}.Debug|Any CPU.ActiveCfg = Debug|Any CPU
		{75E650D1-C5F4-4AC2-B1E5-905D868B65FC}.Debug|Any CPU.Build.0 = Debug|Any CPU
		{75E650D1-C5F4-4AC2-B1E5-905D868B65FC}.Release|Any CPU.ActiveCfg = Release|Any CPU
		{75E650D1-C5F4-4AC2-B1E5-905D868B65FC}.Release|Any CPU.Build.0 = Release|Any CPU
		{83BBE01B-AB6D-404C-8B4A-1E36718AB2E5}.Debug|Any CPU.ActiveCfg = Debug|Any CPU
		{83BBE01B-AB6D-404C-8B4A-1E36718AB2E5}.Debug|Any CPU.Build.0 = Debug|Any CPU
		{83BBE01B-AB6D-404C-8B4A-1E36718AB2E5}.Release|Any CPU.ActiveCfg = Release|Any CPU
		{83BBE01B-AB6D-404C-8B4A-1E36718AB2E5}.Release|Any CPU.Build.0 = Release|Any CPU
		{F8511268-8196-46A4-9BDF-62451CEA19F3}.Debug|Any CPU.ActiveCfg = Debug|Any CPU
		{F8511268-8196-46A4-9BDF-62451CEA19F3}.Debug|Any CPU.Build.0 = Debug|Any CPU
		{F8511268-8196-46A4-9BDF-62451CEA19F3}.Release|Any CPU.ActiveCfg = Release|Any CPU
		{F8511268-8196-46A4-9BDF-62451CEA19F3}.Release|Any CPU.Build.0 = Release|Any CPU
	EndGlobalSection
	GlobalSection(SolutionProperties) = preSolution
		HideSolutionNode = FALSE
	EndGlobalSection
EndGlobal
